// !$*UTF8*$!
{
	archiveVersion = 1;
	classes = {
	};
	objectVersion = 50;
	objects = {

/* Begin PBXBuildFile section */
		187CCD3F24B788D30072EFC1 /* AppDelegate.swift in Sources */ = {isa = PBXBuildFile; fileRef = 187CCD3E24B788D30072EFC1 /* AppDelegate.swift */; };
		187CCD4124B788D30072EFC1 /* SceneDelegate.swift in Sources */ = {isa = PBXBuildFile; fileRef = 187CCD4024B788D30072EFC1 /* SceneDelegate.swift */; };
		187CCD4324B788D30072EFC1 /* ViewController.swift in Sources */ = {isa = PBXBuildFile; fileRef = 187CCD4224B788D30072EFC1 /* ViewController.swift */; };
		187CCD4624B788D30072EFC1 /* Main.storyboard in Resources */ = {isa = PBXBuildFile; fileRef = 187CCD4424B788D30072EFC1 /* Main.storyboard */; };
		187CCD4824B788D40072EFC1 /* Assets.xcassets in Resources */ = {isa = PBXBuildFile; fileRef = 187CCD4724B788D40072EFC1 /* Assets.xcassets */; };
		187CCD4B24B788D40072EFC1 /* LaunchScreen.storyboard in Resources */ = {isa = PBXBuildFile; fileRef = 187CCD4924B788D40072EFC1 /* LaunchScreen.storyboard */; };
		187CCD5624B788D40072EFC1 /* ActionOutletsDay4Tests.swift in Sources */ = {isa = PBXBuildFile; fileRef = 187CCD5524B788D40072EFC1 /* ActionOutletsDay4Tests.swift */; };
		187CCD6124B788D40072EFC1 /* ActionOutletsDay4UITests.swift in Sources */ = {isa = PBXBuildFile; fileRef = 187CCD6024B788D40072EFC1 /* ActionOutletsDay4UITests.swift */; };
/* End PBXBuildFile section */

/* Begin PBXContainerItemProxy section */
		187CCD5224B788D40072EFC1 /* PBXContainerItemProxy */ = {
			isa = PBXContainerItemProxy;
			containerPortal = 187CCD3324B788D30072EFC1 /* Project object */;
			proxyType = 1;
			remoteGlobalIDString = 187CCD3A24B788D30072EFC1;
			remoteInfo = ActionOutletsDay4;
		};
		187CCD5D24B788D40072EFC1 /* PBXContainerItemProxy */ = {
			isa = PBXContainerItemProxy;
			containerPortal = 187CCD3324B788D30072EFC1 /* Project object */;
			proxyType = 1;
			remoteGlobalIDString = 187CCD3A24B788D30072EFC1;
			remoteInfo = ActionOutletsDay4;
		};
/* End PBXContainerItemProxy section */

/* Begin PBXFileReference section */
		187CCD3B24B788D30072EFC1 /* ActionOutletsDay4.app */ = {isa = PBXFileReference; explicitFileType = wrapper.application; includeInIndex = 0; path = ActionOutletsDay4.app; sourceTree = BUILT_PRODUCTS_DIR; };
		187CCD3E24B788D30072EFC1 /* AppDelegate.swift */ = {isa = PBXFileReference; lastKnownFileType = sourcecode.swift; path = AppDelegate.swift; sourceTree = "<group>"; };
		187CCD4024B788D30072EFC1 /* SceneDelegate.swift */ = {isa = PBXFileReference; lastKnownFileType = sourcecode.swift; path = SceneDelegate.swift; sourceTree = "<group>"; };
		187CCD4224B788D30072EFC1 /* ViewController.swift */ = {isa = PBXFileReference; lastKnownFileType = sourcecode.swift; path = ViewController.swift; sourceTree = "<group>"; };
		187CCD4524B788D30072EFC1 /* Base */ = {isa = PBXFileReference; lastKnownFileType = file.storyboard; name = Base; path = Base.lproj/Main.storyboard; sourceTree = "<group>"; };
		187CCD4724B788D40072EFC1 /* Assets.xcassets */ = {isa = PBXFileReference; lastKnownFileType = folder.assetcatalog; path = Assets.xcassets; sourceTree = "<group>"; };
		187CCD4A24B788D40072EFC1 /* Base */ = {isa = PBXFileReference; lastKnownFileType = file.storyboard; name = Base; path = Base.lproj/LaunchScreen.storyboard; sourceTree = "<group>"; };
		187CCD4C24B788D40072EFC1 /* Info.plist */ = {isa = PBXFileReference; lastKnownFileType = text.plist.xml; path = Info.plist; sourceTree = "<group>"; };
		187CCD5124B788D40072EFC1 /* ActionOutletsDay4Tests.xctest */ = {isa = PBXFileReference; explicitFileType = wrapper.cfbundle; includeInIndex = 0; path = ActionOutletsDay4Tests.xctest; sourceTree = BUILT_PRODUCTS_DIR; };
		187CCD5524B788D40072EFC1 /* ActionOutletsDay4Tests.swift */ = {isa = PBXFileReference; lastKnownFileType = sourcecode.swift; path = ActionOutletsDay4Tests.swift; sourceTree = "<group>"; };
		187CCD5724B788D40072EFC1 /* Info.plist */ = {isa = PBXFileReference; lastKnownFileType = text.plist.xml; path = Info.plist; sourceTree = "<group>"; };
		187CCD5C24B788D40072EFC1 /* ActionOutletsDay4UITests.xctest */ = {isa = PBXFileReference; explicitFileType = wrapper.cfbundle; includeInIndex = 0; path = ActionOutletsDay4UITests.xctest; sourceTree = BUILT_PRODUCTS_DIR; };
		187CCD6024B788D40072EFC1 /* ActionOutletsDay4UITests.swift */ = {isa = PBXFileReference; lastKnownFileType = sourcecode.swift; path = ActionOutletsDay4UITests.swift; sourceTree = "<group>"; };
		187CCD6224B788D40072EFC1 /* Info.plist */ = {isa = PBXFileReference; lastKnownFileType = text.plist.xml; path = Info.plist; sourceTree = "<group>"; };
/* End PBXFileReference section */

/* Begin PBXFrameworksBuildPhase section */
		187CCD3824B788D30072EFC1 /* Frameworks */ = {
			isa = PBXFrameworksBuildPhase;
			buildActionMask = 2147483647;
			files = (
			);
			runOnlyForDeploymentPostprocessing = 0;
		};
		187CCD4E24B788D40072EFC1 /* Frameworks */ = {
			isa = PBXFrameworksBuildPhase;
			buildActionMask = 2147483647;
			files = (
			);
			runOnlyForDeploymentPostprocessing = 0;
		};
		187CCD5924B788D40072EFC1 /* Frameworks */ = {
			isa = PBXFrameworksBuildPhase;
			buildActionMask = 2147483647;
			files = (
			);
			runOnlyForDeploymentPostprocessing = 0;
		};
/* End PBXFrameworksBuildPhase section */

/* Begin PBXGroup section */
		187CCD3224B788D30072EFC1 = {
			isa = PBXGroup;
			children = (
				187CCD3D24B788D30072EFC1 /* ActionOutletsDay4 */,
				187CCD5424B788D40072EFC1 /* ActionOutletsDay4Tests */,
				187CCD5F24B788D40072EFC1 /* ActionOutletsDay4UITests */,
				187CCD3C24B788D30072EFC1 /* Products */,
			);
			sourceTree = "<group>";
		};
		187CCD3C24B788D30072EFC1 /* Products */ = {
			isa = PBXGroup;
			children = (
				187CCD3B24B788D30072EFC1 /* ActionOutletsDay4.app */,
				187CCD5124B788D40072EFC1 /* ActionOutletsDay4Tests.xctest */,
				187CCD5C24B788D40072EFC1 /* ActionOutletsDay4UITests.xctest */,
			);
			name = Products;
			sourceTree = "<group>";
		};
		187CCD3D24B788D30072EFC1 /* ActionOutletsDay4 */ = {
			isa = PBXGroup;
			children = (
				187CCD3E24B788D30072EFC1 /* AppDelegate.swift */,
				187CCD4024B788D30072EFC1 /* SceneDelegate.swift */,
				187CCD4224B788D30072EFC1 /* ViewController.swift */,
				187CCD4424B788D30072EFC1 /* Main.storyboard */,
				187CCD4724B788D40072EFC1 /* Assets.xcassets */,
				187CCD4924B788D40072EFC1 /* LaunchScreen.storyboard */,
				187CCD4C24B788D40072EFC1 /* Info.plist */,
			);
			path = ActionOutletsDay4;
			sourceTree = "<group>";
		};
		187CCD5424B788D40072EFC1 /* ActionOutletsDay4Tests */ = {
			isa = PBXGroup;
			children = (
				187CCD5524B788D40072EFC1 /* ActionOutletsDay4Tests.swift */,
				187CCD5724B788D40072EFC1 /* Info.plist */,
			);
			path = ActionOutletsDay4Tests;
			sourceTree = "<group>";
		};
		187CCD5F24B788D40072EFC1 /* ActionOutletsDay4UITests */ = {
			isa = PBXGroup;
			children = (
				187CCD6024B788D40072EFC1 /* ActionOutletsDay4UITests.swift */,
				187CCD6224B788D40072EFC1 /* Info.plist */,
			);
			path = ActionOutletsDay4UITests;
			sourceTree = "<group>";
		};
/* End PBXGroup section */

/* Begin PBXNativeTarget section */
		187CCD3A24B788D30072EFC1 /* ActionOutletsDay4 */ = {
			isa = PBXNativeTarget;
			buildConfigurationList = 187CCD6524B788D40072EFC1 /* Build configuration list for PBXNativeTarget "ActionOutletsDay4" */;
			buildPhases = (
				187CCD3724B788D30072EFC1 /* Sources */,
				187CCD3824B788D30072EFC1 /* Frameworks */,
				187CCD3924B788D30072EFC1 /* Resources */,
			);
			buildRules = (
			);
			dependencies = (
			);
			name = ActionOutletsDay4;
			productName = ActionOutletsDay4;
			productReference = 187CCD3B24B788D30072EFC1 /* ActionOutletsDay4.app */;
			productType = "com.apple.product-type.application";
		};
		187CCD5024B788D40072EFC1 /* ActionOutletsDay4Tests */ = {
			isa = PBXNativeTarget;
			buildConfigurationList = 187CCD6824B788D40072EFC1 /* Build configuration list for PBXNativeTarget "ActionOutletsDay4Tests" */;
			buildPhases = (
				187CCD4D24B788D40072EFC1 /* Sources */,
				187CCD4E24B788D40072EFC1 /* Frameworks */,
				187CCD4F24B788D40072EFC1 /* Resources */,
			);
			buildRules = (
			);
			dependencies = (
				187CCD5324B788D40072EFC1 /* PBXTargetDependency */,
			);
			name = ActionOutletsDay4Tests;
			productName = ActionOutletsDay4Tests;
			productReference = 187CCD5124B788D40072EFC1 /* ActionOutletsDay4Tests.xctest */;
			productType = "com.apple.product-type.bundle.unit-test";
		};
		187CCD5B24B788D40072EFC1 /* ActionOutletsDay4UITests */ = {
			isa = PBXNativeTarget;
			buildConfigurationList = 187CCD6B24B788D40072EFC1 /* Build configuration list for PBXNativeTarget "ActionOutletsDay4UITests" */;
			buildPhases = (
				187CCD5824B788D40072EFC1 /* Sources */,
				187CCD5924B788D40072EFC1 /* Frameworks */,
				187CCD5A24B788D40072EFC1 /* Resources */,
			);
			buildRules = (
			);
			dependencies = (
				187CCD5E24B788D40072EFC1 /* PBXTargetDependency */,
			);
			name = ActionOutletsDay4UITests;
			productName = ActionOutletsDay4UITests;
			productReference = 187CCD5C24B788D40072EFC1 /* ActionOutletsDay4UITests.xctest */;
			productType = "com.apple.product-type.bundle.ui-testing";
		};
/* End PBXNativeTarget section */

/* Begin PBXProject section */
		187CCD3324B788D30072EFC1 /* Project object */ = {
			isa = PBXProject;
			attributes = {
				LastSwiftUpdateCheck = 1150;
				LastUpgradeCheck = 1150;
				ORGANIZATIONNAME = Apple;
				TargetAttributes = {
					187CCD3A24B788D30072EFC1 = {
						CreatedOnToolsVersion = 11.5;
					};
					187CCD5024B788D40072EFC1 = {
						CreatedOnToolsVersion = 11.5;
						TestTargetID = 187CCD3A24B788D30072EFC1;
					};
					187CCD5B24B788D40072EFC1 = {
						CreatedOnToolsVersion = 11.5;
						TestTargetID = 187CCD3A24B788D30072EFC1;
					};
				};
			};
			buildConfigurationList = 187CCD3624B788D30072EFC1 /* Build configuration list for PBXProject "ActionOutletsDay4" */;
			compatibilityVersion = "Xcode 9.3";
			developmentRegion = en;
			hasScannedForEncodings = 0;
			knownRegions = (
				en,
				Base,
			);
			mainGroup = 187CCD3224B788D30072EFC1;
			productRefGroup = 187CCD3C24B788D30072EFC1 /* Products */;
			projectDirPath = "";
			projectRoot = "";
			targets = (
				187CCD3A24B788D30072EFC1 /* ActionOutletsDay4 */,
				187CCD5024B788D40072EFC1 /* ActionOutletsDay4Tests */,
				187CCD5B24B788D40072EFC1 /* ActionOutletsDay4UITests */,
			);
		};
/* End PBXProject section */

/* Begin PBXResourcesBuildPhase section */
		187CCD3924B788D30072EFC1 /* Resources */ = {
			isa = PBXResourcesBuildPhase;
			buildActionMask = 2147483647;
			files = (
				187CCD4B24B788D40072EFC1 /* LaunchScreen.storyboard in Resources */,
				187CCD4824B788D40072EFC1 /* Assets.xcassets in Resources */,
				187CCD4624B788D30072EFC1 /* Main.storyboard in Resources */,
			);
			runOnlyForDeploymentPostprocessing = 0;
		};
		187CCD4F24B788D40072EFC1 /* Resources */ = {
			isa = PBXResourcesBuildPhase;
			buildActionMask = 2147483647;
			files = (
			);
			runOnlyForDeploymentPostprocessing = 0;
		};
		187CCD5A24B788D40072EFC1 /* Resources */ = {
			isa = PBXResourcesBuildPhase;
			buildActionMask = 2147483647;
			files = (
			);
			runOnlyForDeploymentPostprocessing = 0;
		};
/* End PBXResourcesBuildPhase section */

/* Begin PBXSourcesBuildPhase section */
		187CCD3724B788D30072EFC1 /* Sources */ = {
			isa = PBXSourcesBuildPhase;
			buildActionMask = 2147483647;
			files = (
				187CCD4324B788D30072EFC1 /* ViewController.swift in Sources */,
				187CCD3F24B788D30072EFC1 /* AppDelegate.swift in Sources */,
				187CCD4124B788D30072EFC1 /* SceneDelegate.swift in Sources */,
			);
			runOnlyForDeploymentPostprocessing = 0;
		};
		187CCD4D24B788D40072EFC1 /* Sources */ = {
			isa = PBXSourcesBuildPhase;
			buildActionMask = 2147483647;
			files = (
				187CCD5624B788D40072EFC1 /* ActionOutletsDay4Tests.swift in Sources */,
			);
			runOnlyForDeploymentPostprocessing = 0;
		};
		187CCD5824B788D40072EFC1 /* Sources */ = {
			isa = PBXSourcesBuildPhase;
			buildActionMask = 2147483647;
			files = (
				187CCD6124B788D40072EFC1 /* ActionOutletsDay4UITests.swift in Sources */,
			);
			runOnlyForDeploymentPostprocessing = 0;
		};
/* End PBXSourcesBuildPhase section */

/* Begin PBXTargetDependency section */
		187CCD5324B788D40072EFC1 /* PBXTargetDependency */ = {
			isa = PBXTargetDependency;
			target = 187CCD3A24B788D30072EFC1 /* ActionOutletsDay4 */;
			targetProxy = 187CCD5224B788D40072EFC1 /* PBXContainerItemProxy */;
		};
		187CCD5E24B788D40072EFC1 /* PBXTargetDependency */ = {
			isa = PBXTargetDependency;
			target = 187CCD3A24B788D30072EFC1 /* ActionOutletsDay4 */;
			targetProxy = 187CCD5D24B788D40072EFC1 /* PBXContainerItemProxy */;
		};
/* End PBXTargetDependency section */

/* Begin PBXVariantGroup section */
		187CCD4424B788D30072EFC1 /* Main.storyboard */ = {
			isa = PBXVariantGroup;
			children = (
				187CCD4524B788D30072EFC1 /* Base */,
			);
			name = Main.storyboard;
			sourceTree = "<group>";
		};
		187CCD4924B788D40072EFC1 /* LaunchScreen.storyboard */ = {
			isa = PBXVariantGroup;
			children = (
				187CCD4A24B788D40072EFC1 /* Base */,
			);
			name = LaunchScreen.storyboard;
			sourceTree = "<group>";
		};
/* End PBXVariantGroup section */

/* Begin XCBuildConfiguration section */
		187CCD6324B788D40072EFC1 /* Debug */ = {
			isa = XCBuildConfiguration;
			buildSettings = {
				ALWAYS_SEARCH_USER_PATHS = NO;
				CLANG_ANALYZER_NONNULL = YES;
				CLANG_ANALYZER_NUMBER_OBJECT_CONVERSION = YES_AGGRESSIVE;
				CLANG_CXX_LANGUAGE_STANDARD = "gnu++14";
				CLANG_CXX_LIBRARY = "libc++";
				CLANG_ENABLE_MODULES = YES;
				CLANG_ENABLE_OBJC_ARC = YES;
				CLANG_ENABLE_OBJC_WEAK = YES;
				CLANG_WARN_BLOCK_CAPTURE_AUTORELEASING = YES;
				CLANG_WARN_BOOL_CONVERSION = YES;
				CLANG_WARN_COMMA = YES;
				CLANG_WARN_CONSTANT_CONVERSION = YES;
				CLANG_WARN_DEPRECATED_OBJC_IMPLEMENTATIONS = YES;
				CLANG_WARN_DIRECT_OBJC_ISA_USAGE = YES_ERROR;
				CLANG_WARN_DOCUMENTATION_COMMENTS = YES;
				CLANG_WARN_EMPTY_BODY = YES;
				CLANG_WARN_ENUM_CONVERSION = YES;
				CLANG_WARN_INFINITE_RECURSION = YES;
				CLANG_WARN_INT_CONVERSION = YES;
				CLANG_WARN_NON_LITERAL_NULL_CONVERSION = YES;
				CLANG_WARN_OBJC_IMPLICIT_RETAIN_SELF = YES;
				CLANG_WARN_OBJC_LITERAL_CONVERSION = YES;
				CLANG_WARN_OBJC_ROOT_CLASS = YES_ERROR;
				CLANG_WARN_RANGE_LOOP_ANALYSIS = YES;
				CLANG_WARN_STRICT_PROTOTYPES = YES;
				CLANG_WARN_SUSPICIOUS_MOVE = YES;
				CLANG_WARN_UNGUARDED_AVAILABILITY = YES_AGGRESSIVE;
				CLANG_WARN_UNREACHABLE_CODE = YES;
				CLANG_WARN__DUPLICATE_METHOD_MATCH = YES;
				COPY_PHASE_STRIP = NO;
				DEBUG_INFORMATION_FORMAT = dwarf;
				ENABLE_STRICT_OBJC_MSGSEND = YES;
				ENABLE_TESTABILITY = YES;
				GCC_C_LANGUAGE_STANDARD = gnu11;
				GCC_DYNAMIC_NO_PIC = NO;
				GCC_NO_COMMON_BLOCKS = YES;
				GCC_OPTIMIZATION_LEVEL = 0;
				GCC_PREPROCESSOR_DEFINITIONS = (
					"DEBUG=1",
					"$(inherited)",
				);
				GCC_WARN_64_TO_32_BIT_CONVERSION = YES;
				GCC_WARN_ABOUT_RETURN_TYPE = YES_ERROR;
				GCC_WARN_UNDECLARED_SELECTOR = YES;
				GCC_WARN_UNINITIALIZED_AUTOS = YES_AGGRESSIVE;
				GCC_WARN_UNUSED_FUNCTION = YES;
				GCC_WARN_UNUSED_VARIABLE = YES;
				IPHONEOS_DEPLOYMENT_TARGET = 13.5;
				MTL_ENABLE_DEBUG_INFO = INCLUDE_SOURCE;
				MTL_FAST_MATH = YES;
				ONLY_ACTIVE_ARCH = YES;
				SDKROOT = iphoneos;
				SWIFT_ACTIVE_COMPILATION_CONDITIONS = DEBUG;
				SWIFT_OPTIMIZATION_LEVEL = "-Onone";
			};
			name = Debug;
		};
		187CCD6424B788D40072EFC1 /* Release */ = {
			isa = XCBuildConfiguration;
			buildSettings = {
				ALWAYS_SEARCH_USER_PATHS = NO;
				CLANG_ANALYZER_NONNULL = YES;
				CLANG_ANALYZER_NUMBER_OBJECT_CONVERSION = YES_AGGRESSIVE;
				CLANG_CXX_LANGUAGE_STANDARD = "gnu++14";
				CLANG_CXX_LIBRARY = "libc++";
				CLANG_ENABLE_MODULES = YES;
				CLANG_ENABLE_OBJC_ARC = YES;
				CLANG_ENABLE_OBJC_WEAK = YES;
				CLANG_WARN_BLOCK_CAPTURE_AUTORELEASING = YES;
				CLANG_WARN_BOOL_CONVERSION = YES;
				CLANG_WARN_COMMA = YES;
				CLANG_WARN_CONSTANT_CONVERSION = YES;
				CLANG_WARN_DEPRECATED_OBJC_IMPLEMENTATIONS = YES;
				CLANG_WARN_DIRECT_OBJC_ISA_USAGE = YES_ERROR;
				CLANG_WARN_DOCUMENTATION_COMMENTS = YES;
				CLANG_WARN_EMPTY_BODY = YES;
				CLANG_WARN_ENUM_CONVERSION = YES;
				CLANG_WARN_INFINITE_RECURSION = YES;
				CLANG_WARN_INT_CONVERSION = YES;
				CLANG_WARN_NON_LITERAL_NULL_CONVERSION = YES;
				CLANG_WARN_OBJC_IMPLICIT_RETAIN_SELF = YES;
				CLANG_WARN_OBJC_LITERAL_CONVERSION = YES;
				CLANG_WARN_OBJC_ROOT_CLASS = YES_ERROR;
				CLANG_WARN_RANGE_LOOP_ANALYSIS = YES;
				CLANG_WARN_STRICT_PROTOTYPES = YES;
				CLANG_WARN_SUSPICIOUS_MOVE = YES;
				CLANG_WARN_UNGUARDED_AVAILABILITY = YES_AGGRESSIVE;
				CLANG_WARN_UNREACHABLE_CODE = YES;
				CLANG_WARN__DUPLICATE_METHOD_MATCH = YES;
				COPY_PHASE_STRIP = NO;
				DEBUG_INFORMATION_FORMAT = "dwarf-with-dsym";
				ENABLE_NS_ASSERTIONS = NO;
				ENABLE_STRICT_OBJC_MSGSEND = YES;
				GCC_C_LANGUAGE_STANDARD = gnu11;
				GCC_NO_COMMON_BLOCKS = YES;
				GCC_WARN_64_TO_32_BIT_CONVERSION = YES;
				GCC_WARN_ABOUT_RETURN_TYPE = YES_ERROR;
				GCC_WARN_UNDECLARED_SELECTOR = YES;
				GCC_WARN_UNINITIALIZED_AUTOS = YES_AGGRESSIVE;
				GCC_WARN_UNUSED_FUNCTION = YES;
				GCC_WARN_UNUSED_VARIABLE = YES;
				IPHONEOS_DEPLOYMENT_TARGET = 13.5;
				MTL_ENABLE_DEBUG_INFO = NO;
				MTL_FAST_MATH = YES;
				SDKROOT = iphoneos;
				SWIFT_COMPILATION_MODE = wholemodule;
				SWIFT_OPTIMIZATION_LEVEL = "-O";
				VALIDATE_PRODUCT = YES;
			};
			name = Release;
		};
		187CCD6624B788D40072EFC1 /* Debug */ = {
			isa = XCBuildConfiguration;
			buildSettings = {
				ASSETCATALOG_COMPILER_APPICON_NAME = AppIcon;
				CODE_SIGN_STYLE = Automatic;
				DEVELOPMENT_TEAM = VULN64867H;
				INFOPLIST_FILE = ActionOutletsDay4/Info.plist;
				LD_RUNPATH_SEARCH_PATHS = (
					"$(inherited)",
					"@executable_path/Frameworks",
				);
				PRODUCT_BUNDLE_IDENTIFIER = com.kim.ActionOutletsDay4;
				PRODUCT_NAME = "$(TARGET_NAME)";
				SWIFT_VERSION = 5.0;
				TARGETED_DEVICE_FAMILY = "1,2";
			};
			name = Debug;
		};
		187CCD6724B788D40072EFC1 /* Release */ = {
			isa = XCBuildConfiguration;
			buildSettings = {
				ASSETCATALOG_COMPILER_APPICON_NAME = AppIcon;
				CODE_SIGN_STYLE = Automatic;
				DEVELOPMENT_TEAM = VULN64867H;
				INFOPLIST_FILE = ActionOutletsDay4/Info.plist;
				LD_RUNPATH_SEARCH_PATHS = (
					"$(inherited)",
					"@executable_path/Frameworks",
				);
				PRODUCT_BUNDLE_IDENTIFIER = com.kim.ActionOutletsDay4;
				PRODUCT_NAME = "$(TARGET_NAME)";
				SWIFT_VERSION = 5.0;
				TARGETED_DEVICE_FAMILY = "1,2";
			};
			name = Release;
		};
		187CCD6924B788D40072EFC1 /* Debug */ = {
			isa = XCBuildConfiguration;
			buildSettings = {
				ALWAYS_EMBED_SWIFT_STANDARD_LIBRARIES = YES;
				BUNDLE_LOADER = "$(TEST_HOST)";
				CODE_SIGN_STYLE = Automatic;
				DEVELOPMENT_TEAM = VULN64867H;
				INFOPLIST_FILE = ActionOutletsDay4Tests/Info.plist;
				IPHONEOS_DEPLOYMENT_TARGET = 13.5;
				LD_RUNPATH_SEARCH_PATHS = (
					"$(inherited)",
					"@executable_path/Frameworks",
					"@loader_path/Frameworks",
				);
				PRODUCT_BUNDLE_IDENTIFIER = com.kim.ActionOutletsDay4Tests;
				PRODUCT_NAME = "$(TARGET_NAME)";
				SWIFT_VERSION = 5.0;
				TARGETED_DEVICE_FAMILY = "1,2";
				TEST_HOST = "$(BUILT_PRODUCTS_DIR)/ActionOutletsDay4.app/ActionOutletsDay4";
			};
			name = Debug;
		};
		187CCD6A24B788D40072EFC1 /* Release */ = {
			isa = XCBuildConfiguration;
			buildSettings = {
				ALWAYS_EMBED_SWIFT_STANDARD_LIBRARIES = YES;
				BUNDLE_LOADER = "$(TEST_HOST)";
				CODE_SIGN_STYLE = Automatic;
				DEVELOPMENT_TEAM = VULN64867H;
				INFOPLIST_FILE = ActionOutletsDay4Tests/Info.plist;
				IPHONEOS_DEPLOYMENT_TARGET = 13.5;
				LD_RUNPATH_SEARCH_PATHS = (
					"$(inherited)",
					"@executable_path/Frameworks",
					"@loader_path/Frameworks",
				);
				PRODUCT_BUNDLE_IDENTIFIER = com.kim.ActionOutletsDay4Tests;
				PRODUCT_NAME = "$(TARGET_NAME)";
				SWIFT_VERSION = 5.0;
				TARGETED_DEVICE_FAMILY = "1,2";
				TEST_HOST = "$(BUILT_PRODUCTS_DIR)/ActionOutletsDay4.app/ActionOutletsDay4";
			};
			name = Release;
		};
		187CCD6C24B788D40072EFC1 /* Debug */ = {
			isa = XCBuildConfiguration;
			buildSettings = {
				ALWAYS_EMBED_SWIFT_STANDARD_LIBRARIES = YES;
				CODE_SIGN_STYLE = Automatic;
				DEVELOPMENT_TEAM = VULN64867H;
				INFOPLIST_FILE = ActionOutletsDay4UITests/Info.plist;
				LD_RUNPATH_SEARCH_PATHS = (
					"$(inherited)",
					"@executable_path/Frameworks",
					"@loader_path/Frameworks",
				);
				PRODUCT_BUNDLE_IDENTIFIER = com.kim.ActionOutletsDay4UITests;
				PRODUCT_NAME = "$(TARGET_NAME)";
				SWIFT_VERSION = 5.0;
				TARGETED_DEVICE_FAMILY = "1,2";
				TEST_TARGET_NAME = ActionOutletsDay4;
			};
			name = Debug;
		};
		187CCD6D24B788D40072EFC1 /* Release */ = {
			isa = XCBuildConfiguration;
			buildSettings = {
				ALWAYS_EMBED_SWIFT_STANDARD_LIBRARIES = YES;
				CODE_SIGN_STYLE = Automatic;
				DEVELOPMENT_TEAM = VULN64867H;
				INFOPLIST_FILE = ActionOutletsDay4UITests/Info.plist;
				LD_RUNPATH_SEARCH_PATHS = (
					"$(inherited)",
					"@executable_path/Frameworks",
					"@loader_path/Frameworks",
				);
				PRODUCT_BUNDLE_IDENTIFIER = com.kim.ActionOutletsDay4UITests;
				PRODUCT_NAME = "$(TARGET_NAME)";
				SWIFT_VERSION = 5.0;
				TARGETED_DEVICE_FAMILY = "1,2";
				TEST_TARGET_NAME = ActionOutletsDay4;
			};
			name = Release;
		};
/* End XCBuildConfiguration section */

/* Begin XCConfigurationList section */
		187CCD3624B788D30072EFC1 /* Build configuration list for PBXProject "ActionOutletsDay4" */ = {
			isa = XCConfigurationList;
			buildConfigurations = (
				187CCD6324B788D40072EFC1 /* Debug */,
				187CCD6424B788D40072EFC1 /* Release */,
			);
			defaultConfigurationIsVisible = 0;
			defaultConfigurationName = Release;
		};
		187CCD6524B788D40072EFC1 /* Build configuration list for PBXNativeTarget "ActionOutletsDay4" */ = {
			isa = XCConfigurationList;
			buildConfigurations = (
				187CCD6624B788D40072EFC1 /* Debug */,
				187CCD6724B788D40072EFC1 /* Release */,
			);
			defaultConfigurationIsVisible = 0;
			defaultConfigurationName = Release;
		};
		187CCD6824B788D40072EFC1 /* Build configuration list for PBXNativeTarget "ActionOutletsDay4Tests" */ = {
			isa = XCConfigurationList;
			buildConfigurations = (
				187CCD6924B788D40072EFC1 /* Debug */,
				187CCD6A24B788D40072EFC1 /* Release */,
			);
			defaultConfigurationIsVisible = 0;
			defaultConfigurationName = Release;
		};
		187CCD6B24B788D40072EFC1 /* Build configuration list for PBXNativeTarget "ActionOutletsDay4UITests" */ = {
			isa = XCConfigurationList;
			buildConfigurations = (
				187CCD6C24B788D40072EFC1 /* Debug */,
				187CCD6D24B788D40072EFC1 /* Release */,
			);
			defaultConfigurationIsVisible = 0;
			defaultConfigurationName = Release;
		};
/* End XCConfigurationList section */
	};
	rootObject = 187CCD3324B788D30072EFC1 /* Project object */;
}
